
Microsoft Visual Studio Solution File, Format Version 12.00
# Visual Studio 15
VisualStudioVersion = 15.0.27004.2002
MinimumVisualStudioVersion = 10.0.40219.1
Project("{FAE04EC0-301F-11D3-BF4B-00C04F79EFBC}") = "EjemplosC2", "EjemplosC2\EjemplosC2.csproj", "{63DA6CE6-F6B3-4EE8-8A46-6079EC88CF03}"
EndProject
Global
	GlobalSection(SolutionConfigurationPlatforms) = preSolution
		Debug|Any CPU = Debug|Any CPU
		Release|Any CPU = Release|Any CPU
	EndGlobalSection
	GlobalSection(ProjectConfigurationPlatforms) = postSolution
		{63DA6CE6-F6B3-4EE8-8A46-6079EC88CF03}.Debug|Any CPU.ActiveCfg = Debug|Any CPU
		{63DA6CE6-F6B3-4EE8-8A46-6079EC88CF03}.Debug|Any CPU.Build.0 = Debug|Any CPU
		{63DA6CE6-F6B3-4EE8-8A46-6079EC88CF03}.Release|Any CPU.ActiveCfg = Release|Any CPU
		{63DA6CE6-F6B3-4EE8-8A46-6079EC88CF03}.Release|Any CPU.Build.0 = Release|Any CPU
	EndGlobalSection
	GlobalSection(SolutionProperties) = preSolution
		HideSolutionNode = FALSE
	EndGlobalSection
	GlobalSection(ExtensibilityGlobals) = postSolution
		SolutionGuid = {BDA38773-D85E-463D-A08C-63EB48F1ADD7}
	EndGlobalSection
EndGlobal
